
Microsoft Visual Studio Solution File, Format Version 12.00
# Visual Studio Version 17
VisualStudioVersion = 17.11.35208.52
MinimumVisualStudioVersion = 10.0.40219.1
Project("{FAE04EC0-301F-11D3-BF4B-00C04F79EFBC}") = "MCS-WEB-API", "MCS-WEB-API\MCS-WEB-API.csproj", "{7195E1CC-E4A9-489C-868E-0BC8220CD6D9}"
EndProject
Global
	GlobalSection(SolutionConfigurationPlatforms) = preSolution
		Debug|Any CPU = Debug|Any CPU
		Release|Any CPU = Release|Any CPU
	EndGlobalSection
	GlobalSection(ProjectConfigurationPlatforms) = postSolution
		{7195E1CC-E4A9-489C-868E-0BC8220CD6D9}.Debug|Any CPU.ActiveCfg = Debug|Any CPU
		{7195E1CC-E4A9-489C-868E-0BC8220CD6D9}.Debug|Any CPU.Build.0 = Debug|Any CPU
		{7195E1CC-E4A9-489C-868E-0BC8220CD6D9}.Release|Any CPU.ActiveCfg = Release|Any CPU
		{7195E1CC-E4A9-489C-868E-0BC8220CD6D9}.Release|Any CPU.Build.0 = Release|Any CPU
	EndGlobalSection
	GlobalSection(SolutionProperties) = preSolution
		HideSolutionNode = FALSE
	EndGlobalSection
	GlobalSection(ExtensibilityGlobals) = postSolution
		SolutionGuid = {199512F6-C624-48E1-AF3F-A9D0E5A16928}
	EndGlobalSection
EndGlobal
